
Microsoft Visual Studio Solution File, Format Version 12.00
# Visual Studio Express 15 for Windows Desktop
VisualStudioVersion = 15.0.27703.2047
MinimumVisualStudioVersion = 10.0.40219.1
Project("{FAE04EC0-301F-11D3-BF4B-00C04F79EFBC}") = "Outil inventaireWPF", "Outil inventaireWPF\Outil inventaireWPF.csproj", "{3468B6FF-B509-4C3B-8018-03965FD0497F}"
EndProject
Global
	GlobalSection(SolutionConfigurationPlatforms) = preSolution
		Debug|Any CPU = Debug|Any CPU
		Release|Any CPU = Release|Any CPU
	EndGlobalSection
	GlobalSection(ProjectConfigurationPlatforms) = postSolution
		{3468B6FF-B509-4C3B-8018-03965FD0497F}.Debug|Any CPU.ActiveCfg = Debug|Any CPU
		{3468B6FF-B509-4C3B-8018-03965FD0497F}.Debug|Any CPU.Build.0 = Debug|Any CPU
		{3468B6FF-B509-4C3B-8018-03965FD0497F}.Release|Any CPU.ActiveCfg = Release|Any CPU
		{3468B6FF-B509-4C3B-8018-03965FD0497F}.Release|Any CPU.Build.0 = Release|Any CPU
	EndGlobalSection
	GlobalSection(SolutionProperties) = preSolution
		HideSolutionNode = FALSE
	EndGlobalSection
	GlobalSection(ExtensibilityGlobals) = postSolution
		SolutionGuid = {4C275F7F-A09D-4BA7-9302-0697638EAEDF}
	EndGlobalSection
EndGlobal
